// !$*UTF8*$!
{
	archiveVersion = 1;
	classes = {
	};
	objectVersion = 46;
	objects = {

/* Begin PBXBuildFile section */
		00772BB51F7C87770074741C /* AppDelegate.swift in Sources */ = {isa = PBXBuildFile; fileRef = 00772BB41F7C87770074741C /* AppDelegate.swift */; };
		00772BB71F7C87770074741C /* ViewController.swift in Sources */ = {isa = PBXBuildFile; fileRef = 00772BB61F7C87770074741C /* ViewController.swift */; };
		00772BBA1F7C87770074741C /* Main.storyboard in Resources */ = {isa = PBXBuildFile; fileRef = 00772BB81F7C87770074741C /* Main.storyboard */; };
		00772BBC1F7C87770074741C /* Assets.xcassets in Resources */ = {isa = PBXBuildFile; fileRef = 00772BBB1F7C87770074741C /* Assets.xcassets */; };
		00772BBF1F7C87770074741C /* LaunchScreen.storyboard in Resources */ = {isa = PBXBuildFile; fileRef = 00772BBD1F7C87770074741C /* LaunchScreen.storyboard */; };
/* End PBXBuildFile section */

/* Begin PBXFileReference section */
		00772BB11F7C87770074741C /* DrawingSample.app */ = {isa = PBXFileReference; explicitFileType = wrapper.application; includeInIndex = 0; path = DrawingSample.app; sourceTree = BUILT_PRODUCTS_DIR; };
		00772BB41F7C87770074741C /* AppDelegate.swift */ = {isa = PBXFileReference; lastKnownFileType = sourcecode.swift; path = AppDelegate.swift; sourceTree = "<group>"; };
		00772BB61F7C87770074741C /* ViewController.swift */ = {isa = PBXFileReference; lastKnownFileType = sourcecode.swift; path = ViewController.swift; sourceTree = "<group>"; };
		00772BB91F7C87770074741C /* Base */ = {isa = PBXFileReference; lastKnownFileType = file.storyboard; name = Base; path = Base.lproj/Main.storyboard; sourceTree = "<group>"; };
		00772BBB1F7C87770074741C /* Assets.xcassets */ = {isa = PBXFileReference; lastKnownFileType = folder.assetcatalog; path = Assets.xcassets; sourceTree = "<group>"; };
		00772BBE1F7C87770074741C /* Base */ = {isa = PBXFileReference; lastKnownFileType = file.storyboard; name = Base; path = Base.lproj/LaunchScreen.storyboard; sourceTree = "<group>"; };
		00772BC01F7C87770074741C /* Info.plist */ = {isa = PBXFileReference; lastKnownFileType = text.plist.xml; path = Info.plist; sourceTree = "<group>"; };
/* End PBXFileReference section */

/* Begin PBXFrameworksBuildPhase section */
		00772BAE1F7C87770074741C /* Frameworks */ = {
			isa = PBXFrameworksBuildPhase;
			buildActionMask = 2147483647;
			files = (
			);
			runOnlyForDeploymentPostprocessing = 0;
		};
/* End PBXFrameworksBuildPhase section */

/* Begin PBXGroup section */
		00772BA81F7C87770074741C = {
			isa = PBXGroup;
			children = (
				00772BB31F7C87770074741C /* DrawingSample */,
				00772BB21F7C87770074741C /* Products */,
			);
			sourceTree = "<group>";
		};
		00772BB21F7C87770074741C /* Products */ = {
			isa = PBXGroup;
			children = (
				00772BB11F7C87770074741C /* DrawingSample.app */,
			);
			name = Products;
			sourceTree = "<group>";
		};
		00772BB31F7C87770074741C /* DrawingSample */ = {
			isa = PBXGroup;
			children = (
				00772BB41F7C87770074741C /* AppDelegate.swift */,
				00772BB61F7C87770074741C /* ViewController.swift */,
				00772BB81F7C87770074741C /* Main.storyboard */,
				00772BBB1F7C87770074741C /* Assets.xcassets */,
				00772BBD1F7C87770074741C /* LaunchScreen.storyboard */,
				00772BC01F7C87770074741C /* Info.plist */,
			);
			path = DrawingSample;
			sourceTree = "<group>";
		};
/* End PBXGroup section */

/* Begin PBXNativeTarget section */
		00772BB01F7C87770074741C /* DrawingSample */ = {
			isa = PBXNativeTarget;
			buildConfigurationList = 00772BC31F7C87770074741C /* Build configuration list for PBXNativeTarget "DrawingSample" */;
			buildPhases = (
				00772BAD1F7C87770074741C /* Sources */,
				00772BAE1F7C87770074741C /* Frameworks */,
				00772BAF1F7C87770074741C /* Resources */,
			);
			buildRules = (
			);
			dependencies = (
			);
			name = DrawingSample;
			productName = DrawingSample;
			productReference = 00772BB11F7C87770074741C /* DrawingSample.app */;
			productType = "com.apple.product-type.application";
		};
/* End PBXNativeTarget section */

/* Begin PBXProject section */
		00772BA91F7C87770074741C /* Project object */ = {
			isa = PBXProject;
			attributes = {
				LastSwiftUpdateCheck = 0830;
				LastUpgradeCheck = 0830;
				ORGANIZATIONNAME = "Savvycom JSC";
				TargetAttributes = {
					00772BB01F7C87770074741C = {
						CreatedOnToolsVersion = 8.3.3;
						DevelopmentTeam = XJB7KJXDMH;
						ProvisioningStyle = Automatic;
					};
				};
			};
			buildConfigurationList = 00772BAC1F7C87770074741C /* Build configuration list for PBXProject "DrawingSample" */;
			compatibilityVersion = "Xcode 3.2";
			developmentRegion = English;
			hasScannedForEncodings = 0;
			knownRegions = (
				en,
				Base,
			);
			mainGroup = 00772BA81F7C87770074741C;
			productRefGroup = 00772BB21F7C87770074741C /* Products */;
			projectDirPath = "";
			projectRoot = "";
			targets = (
				00772BB01F7C87770074741C /* DrawingSample */,
			);
		};
/* End PBXProject section */

/* Begin PBXResourcesBuildPhase section */
		00772BAF1F7C87770074741C /* Resources */ = {
			isa = PBXResourcesBuildPhase;
			buildActionMask = 2147483647;
			files = (
				00772BBF1F7C87770074741C /* LaunchScreen.storyboard in Resources */,
				00772BBC1F7C87770074741C /* Assets.xcassets in Resources */,
				00772BBA1F7C87770074741C /* Main.storyboard in Resources */,
			);
			runOnlyForDeploymentPostprocessing = 0;
		};
/* End PBXResourcesBuildPhase section */

/* Begin PBXSourcesBuildPhase section */
		00772BAD1F7C87770074741C /* Sources */ = {
			isa = PBXSourcesBuildPhase;
			buildActionMask = 2147483647;
			files = (
				00772BB71F7C87770074741C /* ViewController.swift in Sources */,
				00772BB51F7C87770074741C /* AppDelegate.swift in Sources */,
			);
			runOnlyForDeploymentPostprocessing = 0;
		};
/* End PBXSourcesBuildPhase section */

/* Begin PBXVariantGroup section */
		00772BB81F7C87770074741C /* Main.storyboard */ = {
			isa = PBXVariantGroup;
			children = (
				00772BB91F7C87770074741C /* Base */,
			);
			name = Main.storyboard;
			sourceTree = "<group>";
		};
		00772BBD1F7C87770074741C /* LaunchScreen.storyboard */ = {
			isa = PBXVariantGroup;
			children = (
				00772BBE1F7C87770074741C /* Base */,
			);
			name = LaunchScreen.storyboard;
			sourceTree = "<group>";
		};
/* End PBXVariantGroup section */

/* Begin XCBuildConfiguration section */
		00772BC11F7C87770074741C /* Debug */ = {
			isa = XCBuildConfiguration;
			buildSettings = {
				ALWAYS_SEARCH_USER_PATHS = NO;
				CLANG_ANALYZER_NONNULL = YES;
				CLANG_ANALYZER_NUMBER_OBJECT_CONVERSION = YES_AGGRESSIVE;
				CLANG_CXX_LANGUAGE_STANDARD = "gnu++0x";
				CLANG_CXX_LIBRARY = "libc++";
				CLANG_ENABLE_MODULES = YES;
				CLANG_ENABLE_OBJC_ARC = YES;
				CLANG_WARN_BOOL_CONVERSION = YES;
				CLANG_WARN_CONSTANT_CONVERSION = YES;
				CLANG_WARN_DIRECT_OBJC_ISA_USAGE = YES_ERROR;
				CLANG_WARN_DOCUMENTATION_COMMENTS = YES;
				CLANG_WARN_EMPTY_BODY = YES;
				CLANG_WARN_ENUM_CONVERSION = YES;
				CLANG_WARN_INFINITE_RECURSION = YES;
				CLANG_WARN_INT_CONVERSION = YES;
				CLANG_WARN_OBJC_ROOT_CLASS = YES_ERROR;
				CLANG_WARN_SUSPICIOUS_MOVE = YES;
				CLANG_WARN_UNREACHABLE_CODE = YES;
				CLANG_WARN__DUPLICATE_METHOD_MATCH = YES;
				"CODE_SIGN_IDENTITY[sdk=iphoneos*]" = "iPhone Developer";
				COPY_PHASE_STRIP = NO;
				DEBUG_INFORMATION_FORMAT = dwarf;
				ENABLE_STRICT_OBJC_MSGSEND = YES;
				ENABLE_TESTABILITY = YES;
				GCC_C_LANGUAGE_STANDARD = gnu99;
				GCC_DYNAMIC_NO_PIC = NO;
				GCC_NO_COMMON_BLOCKS = YES;
				GCC_OPTIMIZATION_LEVEL = 0;
				GCC_PREPROCESSOR_DEFINITIONS = (
					"DEBUG=1",
					"$(inherited)",
				);
				GCC_WARN_64_TO_32_BIT_CONVERSION = YES;
				GCC_WARN_ABOUT_RETURN_TYPE = YES_ERROR;
				GCC_WARN_UNDECLARED_SELECTOR = YES;
				GCC_WARN_UNINITIALIZED_AUTOS = YES_AGGRESSIVE;
				GCC_WARN_UNUSED_FUNCTION = YES;
				GCC_WARN_UNUSED_VARIABLE = YES;
				IPHONEOS_DEPLOYMENT_TARGET = 10.3;
				MTL_ENABLE_DEBUG_INFO = YES;
				ONLY_ACTIVE_ARCH = YES;
				SDKROOT = iphoneos;
				SWIFT_ACTIVE_COMPILATION_CONDITIONS = DEBUG;
				SWIFT_OPTIMIZATION_LEVEL = "-Onone";
			};
			name = Debug;
		};
		00772BC21F7C87770074741C /* Release */ = {
			isa = XCBuildConfiguration;
			buildSettings = {
				ALWAYS_SEARCH_USER_PATHS = NO;
				CLANG_ANALYZER_NONNULL = YES;
				CLANG_ANALYZER_NUMBER_OBJECT_CONVERSION = YES_AGGRESSIVE;
				CLANG_CXX_LANGUAGE_STANDARD = "gnu++0x";
				CLANG_CXX_LIBRARY = "libc++";
				CLANG_ENABLE_MODULES = YES;
				CLANG_ENABLE_OBJC_ARC = YES;
				CLANG_WARN_BOOL_CONVERSION = YES;
				CLANG_WARN_CONSTANT_CONVERSION = YES;
				CLANG_WARN_DIRECT_OBJC_ISA_USAGE = YES_ERROR;
				CLANG_WARN_DOCUMENTATION_COMMENTS = YES;
				CLANG_WARN_EMPTY_BODY = YES;
				CLANG_WARN_ENUM_CONVERSION = YES;
				CLANG_WARN_INFINITE_RECURSION = YES;
				CLANG_WARN_INT_CONVERSION = YES;
				CLANG_WARN_OBJC_ROOT_CLASS = YES_ERROR;
				CLANG_WARN_SUSPICIOUS_MOVE = YES;
				CLANG_WARN_UNREACHABLE_CODE = YES;
				CLANG_WARN__DUPLICATE_METHOD_MATCH = YES;
				"CODE_SIGN_IDENTITY[sdk=iphoneos*]" = "iPhone Developer";
				COPY_PHASE_STRIP = NO;
				DEBUG_INFORMATION_FORMAT = "dwarf-with-dsym";
				ENABLE_NS_ASSERTIONS = NO;
				ENABLE_STRICT_OBJC_MSGSEND = YES;
				GCC_C_LANGUAGE_STANDARD = gnu99;
				GCC_NO_COMMON_BLOCKS = YES;
				GCC_WARN_64_TO_32_BIT_CONVERSION = YES;
				GCC_WARN_ABOUT_RETURN_TYPE = YES_ERROR;
				GCC_WARN_UNDECLARED_SELECTOR = YES;
				GCC_WARN_UNINITIALIZED_AUTOS = YES_AGGRESSIVE;
				GCC_WARN_UNUSED_FUNCTION = YES;
				GCC_WARN_UNUSED_VARIABLE = YES;
				IPHONEOS_DEPLOYMENT_TARGET = 10.3;
				MTL_ENABLE_DEBUG_INFO = NO;
				SDKROOT = iphoneos;
				SWIFT_OPTIMIZATION_LEVEL = "-Owholemodule";
				VALIDATE_PRODUCT = YES;
			};
			name = Release;
		};
		00772BC41F7C87770074741C /* Debug */ = {
			isa = XCBuildConfiguration;
			buildSettings = {
				ASSETCATALOG_COMPILER_APPICON_NAME = AppIcon;
				DEVELOPMENT_TEAM = XJB7KJXDMH;
				INFOPLIST_FILE = DrawingSample/Info.plist;
				LD_RUNPATH_SEARCH_PATHS = "$(inherited) @executable_path/Frameworks";
				PRODUCT_BUNDLE_IDENTIFIER = com.savvycom.DrawingSample;
				PRODUCT_NAME = "$(TARGET_NAME)";
				SWIFT_VERSION = 4.0;
			};
			name = Debug;
		};
		00772BC51F7C87770074741C /* Release */ = {
			isa = XCBuildConfiguration;
			buildSettings = {
				ASSETCATALOG_COMPILER_APPICON_NAME = AppIcon;
				DEVELOPMENT_TEAM = XJB7KJXDMH;
				INFOPLIST_FILE = DrawingSample/Info.plist;
				LD_RUNPATH_SEARCH_PATHS = "$(inherited) @executable_path/Frameworks";
				PRODUCT_BUNDLE_IDENTIFIER = com.savvycom.DrawingSample;
				PRODUCT_NAME = "$(TARGET_NAME)";
				SWIFT_VERSION = 4.0;
			};
			name = Release;
		};
/* End XCBuildConfiguration section */

/* Begin XCConfigurationList section */
		00772BAC1F7C87770074741C /* Build configuration list for PBXProject "DrawingSample" */ = {
			isa = XCConfigurationList;
			buildConfigurations = (
				00772BC11F7C87770074741C /* Debug */,
				00772BC21F7C87770074741C /* Release */,
			);
			defaultConfigurationIsVisible = 0;
			defaultConfigurationName = Release;
		};
		00772BC31F7C87770074741C /* Build configuration list for PBXNativeTarget "DrawingSample" */ = {
			isa = XCConfigurationList;
			buildConfigurations = (
				00772BC41F7C87770074741C /* Debug */,
				00772BC51F7C87770074741C /* Release */,
			);
			defaultConfigurationIsVisible = 0;
			defaultConfigurationName = Release;
		};
/* End XCConfigurationList section */
	};
	rootObject = 00772BA91F7C87770074741C /* Project object */;
}
